
Microsoft Visual Studio Solution File, Format Version 12.00
# Visual Studio 15
VisualStudioVersion = 15.0.27428.2011
MinimumVisualStudioVersion = 10.0.40219.1
Project("{FAE04EC0-301F-11D3-BF4B-00C04F79EFBC}") = "FantasticTour", "FantasticTour\FantasticTour.csproj", "{D2E3D52C-4295-4D33-AA2F-1170274713F9}"
EndProject
Global
	GlobalSection(SolutionConfigurationPlatforms) = preSolution
		Debug|Any CPU = Debug|Any CPU
		Release|Any CPU = Release|Any CPU
	EndGlobalSection
	GlobalSection(ProjectConfigurationPlatforms) = postSolution
		{D2E3D52C-4295-4D33-AA2F-1170274713F9}.Debug|Any CPU.ActiveCfg = Debug|Any CPU
		{D2E3D52C-4295-4D33-AA2F-1170274713F9}.Debug|Any CPU.Build.0 = Debug|Any CPU
		{D2E3D52C-4295-4D33-AA2F-1170274713F9}.Release|Any CPU.ActiveCfg = Release|Any CPU
		{D2E3D52C-4295-4D33-AA2F-1170274713F9}.Release|Any CPU.Build.0 = Release|Any CPU
	EndGlobalSection
	GlobalSection(SolutionProperties) = preSolution
		HideSolutionNode = FALSE
	EndGlobalSection
	GlobalSection(ExtensibilityGlobals) = postSolution
		SolutionGuid = {860C9160-69D0-4195-9AE6-BD50ABADC093}
	EndGlobalSection
EndGlobal
